
Microsoft Visual Studio Solution File, Format Version 12.00
# Visual Studio 15
Project("{FAE04EC0-301F-11D3-BF4B-00C04F79EFBC}") = "Assembly-CSharp", "Assembly-CSharp.csproj", "{B96F0C42-A28F-49AC-2DA7-514F2E7291DB}"
EndProject
Project("{FAE04EC0-301F-11D3-BF4B-00C04F79EFBC}") = "Assembly-CSharp-Editor", "Assembly-CSharp-Editor.csproj", "{8237D6DC-A710-AE14-A01D-E973B600C0D6}"
EndProject
Global
	GlobalSection(SolutionConfigurationPlatforms) = preSolution
		Debug|Any CPU = Debug|Any CPU
		Release|Any CPU = Release|Any CPU
	EndGlobalSection
	GlobalSection(ProjectConfigurationPlatforms) = postSolution
		{B96F0C42-A28F-49AC-2DA7-514F2E7291DB}.Debug|Any CPU.ActiveCfg = Debug|Any CPU
		{B96F0C42-A28F-49AC-2DA7-514F2E7291DB}.Debug|Any CPU.Build.0 = Debug|Any CPU
		{B96F0C42-A28F-49AC-2DA7-514F2E7291DB}.Release|Any CPU.ActiveCfg = Release|Any CPU
		{B96F0C42-A28F-49AC-2DA7-514F2E7291DB}.Release|Any CPU.Build.0 = Release|Any CPU
		{8237D6DC-A710-AE14-A01D-E973B600C0D6}.Debug|Any CPU.ActiveCfg = Debug|Any CPU
		{8237D6DC-A710-AE14-A01D-E973B600C0D6}.Debug|Any CPU.Build.0 = Debug|Any CPU
		{8237D6DC-A710-AE14-A01D-E973B600C0D6}.Release|Any CPU.ActiveCfg = Release|Any CPU
		{8237D6DC-A710-AE14-A01D-E973B600C0D6}.Release|Any CPU.Build.0 = Release|Any CPU
	EndGlobalSection
	GlobalSection(SolutionProperties) = preSolution
		HideSolutionNode = FALSE
	EndGlobalSection
EndGlobal
